{
  "name": "code",
  "lockfileVersion": 2,
  "requires": true,
  "packages": {
    "": {
      "dependencies": {
        "@vant/area-data": "^1.1.5"
      }
    },
    "node_modules/@vant/area-data": {
      "version": "1.1.5",
      "resolved": "https://registry.npmjs.org/@vant/area-data/-/area-data-1.1.5.tgz",
      "integrity": "sha512-dva7UJXpOzR38dgSLW2pPD9e3EXLXokk7Un5LVzI3OtfWfF8FnQVScLjvHU0xB9I7UIQRKRoT6xtM8V1B5K0cg=="
    }
  },
  "dependencies": {
    "@vant/area-data": {
      "version": "1.1.5",
      "resolved": "https://registry.npmjs.org/@vant/area-data/-/area-data-1.1.5.tgz",
      "integrity": "sha512-dva7UJXpOzR38dgSLW2pPD9e3EXLXokk7Un5LVzI3OtfWfF8FnQVScLjvHU0xB9I7UIQRKRoT6xtM8V1B5K0cg=="
    }
  }
}
